
Microsoft Visual Studio Solution File, Format Version 12.00
# Visual Studio 2012
Project("{FAE04EC0-301F-11D3-BF4B-00C04F79EFBC}") = "AppiumUtility", "AppiumUtility\AppiumUtility.csproj", "{F6E87526-4585-43EF-A336-86A0C9B6D783}"
EndProject
Project("{FAE04EC0-301F-11D3-BF4B-00C04F79EFBC}") = "CustomLogger", "CustomLogger\CustomLogger.csproj", "{F08C6D54-343A-4459-80B0-C83ACA0FDC73}"
EndProject
Project("{FAE04EC0-301F-11D3-BF4B-00C04F79EFBC}") = "DeviceRecord", "DeviceRecord\DeviceRecord.csproj", "{85BCE1F9-81A2-4E7D-9AC9-E9DF8D074C1E}"
EndProject
Global
	GlobalSection(SolutionConfigurationPlatforms) = preSolution
		Debug|Any CPU = Debug|Any CPU
		Release|Any CPU = Release|Any CPU
	EndGlobalSection
	GlobalSection(ProjectConfigurationPlatforms) = postSolution
		{F6E87526-4585-43EF-A336-86A0C9B6D783}.Debug|Any CPU.ActiveCfg = Debug|Any CPU
		{F6E87526-4585-43EF-A336-86A0C9B6D783}.Debug|Any CPU.Build.0 = Debug|Any CPU
		{F6E87526-4585-43EF-A336-86A0C9B6D783}.Release|Any CPU.ActiveCfg = Release|Any CPU
		{F6E87526-4585-43EF-A336-86A0C9B6D783}.Release|Any CPU.Build.0 = Release|Any CPU
		{F08C6D54-343A-4459-80B0-C83ACA0FDC73}.Debug|Any CPU.ActiveCfg = Debug|Any CPU
		{F08C6D54-343A-4459-80B0-C83ACA0FDC73}.Debug|Any CPU.Build.0 = Debug|Any CPU
		{F08C6D54-343A-4459-80B0-C83ACA0FDC73}.Release|Any CPU.ActiveCfg = Release|Any CPU
		{F08C6D54-343A-4459-80B0-C83ACA0FDC73}.Release|Any CPU.Build.0 = Release|Any CPU
		{85BCE1F9-81A2-4E7D-9AC9-E9DF8D074C1E}.Debug|Any CPU.ActiveCfg = Debug|Any CPU
		{85BCE1F9-81A2-4E7D-9AC9-E9DF8D074C1E}.Debug|Any CPU.Build.0 = Debug|Any CPU
		{85BCE1F9-81A2-4E7D-9AC9-E9DF8D074C1E}.Release|Any CPU.ActiveCfg = Release|Any CPU
		{85BCE1F9-81A2-4E7D-9AC9-E9DF8D074C1E}.Release|Any CPU.Build.0 = Release|Any CPU
	EndGlobalSection
	GlobalSection(SolutionProperties) = preSolution
		HideSolutionNode = FALSE
	EndGlobalSection
EndGlobal
